// !$*UTF8*$!
{
	archiveVersion = 1;
	classes = {
	};
	objectVersion = 77;
	objects = {

/* Begin PBXBuildFile section */
		01FA000F2CE66725006DE88F /* AppDelegate.swift in Sources */ = {isa = PBXBuildFile; fileRef = 01FA00052CE66725006DE88F /* AppDelegate.swift */; };
		01FA00102CE66725006DE88F /* SceneDelegate.swift in Sources */ = {isa = PBXBuildFile; fileRef = 01FA000C2CE66725006DE88F /* SceneDelegate.swift */; };
		01FA00122CE66725006DE88F /* Assets.xcassets in Resources */ = {isa = PBXBuildFile; fileRef = 01FA00062CE66725006DE88F /* Assets.xcassets */; };
		01FA00142CE66725006DE88F /* LaunchScreen.storyboard in Resources */ = {isa = PBXBuildFile; fileRef = 01FA00092CE66725006DE88F /* LaunchScreen.storyboard */; };
		01FA00222CE66B26006DE88F /* ModuleFactory.swift in Sources */ = {isa = PBXBuildFile; fileRef = 01FA00212CE66B26006DE88F /* ModuleFactory.swift */; };
		01FA00242CE66B62006DE88F /* TasksViewController.swift in Sources */ = {isa = PBXBuildFile; fileRef = 01FA00232CE66B62006DE88F /* TasksViewController.swift */; };
		01FA00262CE66B9F006DE88F /* TasksView.swift in Sources */ = {isa = PBXBuildFile; fileRef = 01FA00252CE66B9F006DE88F /* TasksView.swift */; };
		01FA00282CE66C05006DE88F /* TasksPresenter.swift in Sources */ = {isa = PBXBuildFile; fileRef = 01FA00272CE66C05006DE88F /* TasksPresenter.swift */; };
		01FA002A2CE66CEA006DE88F /* TasksInteractor.swift in Sources */ = {isa = PBXBuildFile; fileRef = 01FA00292CE66CEA006DE88F /* TasksInteractor.swift */; };
		01FA002C2CE66D1A006DE88F /* TasksRouter.swift in Sources */ = {isa = PBXBuildFile; fileRef = 01FA002B2CE66D1A006DE88F /* TasksRouter.swift */; };
		01FA002F2CE66F97006DE88F /* Colors.swift in Sources */ = {isa = PBXBuildFile; fileRef = 01FA002E2CE66F97006DE88F /* Colors.swift */; };
		01FA00322CE66FDA006DE88F /* UIColor+Extension.swift in Sources */ = {isa = PBXBuildFile; fileRef = 01FA00312CE66FDA006DE88F /* UIColor+Extension.swift */; };
		01FA00342CE672C7006DE88F /* LabelNames.swift in Sources */ = {isa = PBXBuildFile; fileRef = 01FA00332CE672C7006DE88F /* LabelNames.swift */; };
		01FA00362CE67978006DE88F /* Placeholders.swift in Sources */ = {isa = PBXBuildFile; fileRef = 01FA00352CE67978006DE88F /* Placeholders.swift */; };
		01FA00392CE67BED006DE88F /* SearchField.swift in Sources */ = {isa = PBXBuildFile; fileRef = 01FA00382CE67BED006DE88F /* SearchField.swift */; };
		01FA003B2CE67D29006DE88F /* SystemSymbols.swift in Sources */ = {isa = PBXBuildFile; fileRef = 01FA003A2CE67D29006DE88F /* SystemSymbols.swift */; };
		01FCBFF42CE750D300B60AAB /* TaskTableViewCell.swift in Sources */ = {isa = PBXBuildFile; fileRef = 01FCBFF32CE750D300B60AAB /* TaskTableViewCell.swift */; };
		01FCBFF72CE76DC400B60AAB /* Task.swift in Sources */ = {isa = PBXBuildFile; fileRef = 01FCBFF62CE76DC400B60AAB /* Task.swift */; };
		01FCC0032CE793AA00B60AAB /* TaskPageViewController.swift in Sources */ = {isa = PBXBuildFile; fileRef = 01FCC0022CE793AA00B60AAB /* TaskPageViewController.swift */; };
		01FCC0052CE793CA00B60AAB /* TaskPageView.swift in Sources */ = {isa = PBXBuildFile; fileRef = 01FCC0042CE793CA00B60AAB /* TaskPageView.swift */; };
		01FCC0072CE793D600B60AAB /* TaskPagePresenter.swift in Sources */ = {isa = PBXBuildFile; fileRef = 01FCC0062CE793D600B60AAB /* TaskPagePresenter.swift */; };
		01FCC0092CE793E900B60AAB /* TaskPageInteractor.swift in Sources */ = {isa = PBXBuildFile; fileRef = 01FCC0082CE793E900B60AAB /* TaskPageInteractor.swift */; };
		01FCC00B2CE793F600B60AAB /* TaskPageRouter.swift in Sources */ = {isa = PBXBuildFile; fileRef = 01FCC00A2CE793F600B60AAB /* TaskPageRouter.swift */; };
		01FCC00E2CE7979600B60AAB /* TasksModuleActions.swift in Sources */ = {isa = PBXBuildFile; fileRef = 01FCC00D2CE7979600B60AAB /* TasksModuleActions.swift */; };
		01FCC0102CE79F3000B60AAB /* BackButtonView.swift in Sources */ = {isa = PBXBuildFile; fileRef = 01FCC00F2CE79F3000B60AAB /* BackButtonView.swift */; };
		01FCC0162CE7E21F00B60AAB /* PreviewForContextMenuController.swift in Sources */ = {isa = PBXBuildFile; fileRef = 01FCC0152CE7E21F00B60AAB /* PreviewForContextMenuController.swift */; };
		01FCC0192CE8998800B60AAB /* NetworkManager.swift in Sources */ = {isa = PBXBuildFile; fileRef = 01FCC0182CE8998800B60AAB /* NetworkManager.swift */; };
		01FCC01C2CE8A5D300B60AAB /* TaskError.swift in Sources */ = {isa = PBXBuildFile; fileRef = 01FCC01B2CE8A5D300B60AAB /* TaskError.swift */; };
		01FCC01E2CE8A97300B60AAB /* TaskResponse.swift in Sources */ = {isa = PBXBuildFile; fileRef = 01FCC01D2CE8A97300B60AAB /* TaskResponse.swift */; };
/* End PBXBuildFile section */

/* Begin PBXFileReference section */
		01FA00052CE66725006DE88F /* AppDelegate.swift */ = {isa = PBXFileReference; lastKnownFileType = sourcecode.swift; path = AppDelegate.swift; sourceTree = "<group>"; };
		01FA00062CE66725006DE88F /* Assets.xcassets */ = {isa = PBXFileReference; lastKnownFileType = folder.assetcatalog; path = Assets.xcassets; sourceTree = "<group>"; };
		01FA00072CE66725006DE88F /* Info.plist */ = {isa = PBXFileReference; lastKnownFileType = text.plist.xml; path = Info.plist; sourceTree = "<group>"; };
		01FA00082CE66725006DE88F /* Base */ = {isa = PBXFileReference; lastKnownFileType = file.storyboard; name = Base; path = Base.lproj/LaunchScreen.storyboard; sourceTree = "<group>"; };
		01FA000C2CE66725006DE88F /* SceneDelegate.swift */ = {isa = PBXFileReference; lastKnownFileType = sourcecode.swift; path = SceneDelegate.swift; sourceTree = "<group>"; };
		01FA00212CE66B26006DE88F /* ModuleFactory.swift */ = {isa = PBXFileReference; lastKnownFileType = sourcecode.swift; path = ModuleFactory.swift; sourceTree = "<group>"; };
		01FA00232CE66B62006DE88F /* TasksViewController.swift */ = {isa = PBXFileReference; lastKnownFileType = sourcecode.swift; path = TasksViewController.swift; sourceTree = "<group>"; };
		01FA00252CE66B9F006DE88F /* TasksView.swift */ = {isa = PBXFileReference; lastKnownFileType = sourcecode.swift; path = TasksView.swift; sourceTree = "<group>"; };
		01FA00272CE66C05006DE88F /* TasksPresenter.swift */ = {isa = PBXFileReference; lastKnownFileType = sourcecode.swift; path = TasksPresenter.swift; sourceTree = "<group>"; };
		01FA00292CE66CEA006DE88F /* TasksInteractor.swift */ = {isa = PBXFileReference; lastKnownFileType = sourcecode.swift; path = TasksInteractor.swift; sourceTree = "<group>"; };
		01FA002B2CE66D1A006DE88F /* TasksRouter.swift */ = {isa = PBXFileReference; lastKnownFileType = sourcecode.swift; path = TasksRouter.swift; sourceTree = "<group>"; };
		01FA002E2CE66F97006DE88F /* Colors.swift */ = {isa = PBXFileReference; lastKnownFileType = sourcecode.swift; path = Colors.swift; sourceTree = "<group>"; };
		01FA00312CE66FDA006DE88F /* UIColor+Extension.swift */ = {isa = PBXFileReference; lastKnownFileType = sourcecode.swift; path = "UIColor+Extension.swift"; sourceTree = "<group>"; };
		01FA00332CE672C7006DE88F /* LabelNames.swift */ = {isa = PBXFileReference; lastKnownFileType = sourcecode.swift; path = LabelNames.swift; sourceTree = "<group>"; };
		01FA00352CE67978006DE88F /* Placeholders.swift */ = {isa = PBXFileReference; lastKnownFileType = sourcecode.swift; path = Placeholders.swift; sourceTree = "<group>"; };
		01FA00382CE67BED006DE88F /* SearchField.swift */ = {isa = PBXFileReference; lastKnownFileType = sourcecode.swift; path = SearchField.swift; sourceTree = "<group>"; };
		01FA003A2CE67D29006DE88F /* SystemSymbols.swift */ = {isa = PBXFileReference; lastKnownFileType = sourcecode.swift; path = SystemSymbols.swift; sourceTree = "<group>"; };
		01FAFFED2CE6671D006DE88F /* TaskSheet.app */ = {isa = PBXFileReference; explicitFileType = wrapper.application; includeInIndex = 0; path = TaskSheet.app; sourceTree = BUILT_PRODUCTS_DIR; };
		01FCBFF32CE750D300B60AAB /* TaskTableViewCell.swift */ = {isa = PBXFileReference; lastKnownFileType = sourcecode.swift; path = TaskTableViewCell.swift; sourceTree = "<group>"; };
		01FCBFF62CE76DC400B60AAB /* Task.swift */ = {isa = PBXFileReference; lastKnownFileType = sourcecode.swift; path = Task.swift; sourceTree = "<group>"; };
		01FCC0022CE793AA00B60AAB /* TaskPageViewController.swift */ = {isa = PBXFileReference; lastKnownFileType = sourcecode.swift; path = TaskPageViewController.swift; sourceTree = "<group>"; };
		01FCC0042CE793CA00B60AAB /* TaskPageView.swift */ = {isa = PBXFileReference; lastKnownFileType = sourcecode.swift; path = TaskPageView.swift; sourceTree = "<group>"; };
		01FCC0062CE793D600B60AAB /* TaskPagePresenter.swift */ = {isa = PBXFileReference; lastKnownFileType = sourcecode.swift; path = TaskPagePresenter.swift; sourceTree = "<group>"; };
		01FCC0082CE793E900B60AAB /* TaskPageInteractor.swift */ = {isa = PBXFileReference; lastKnownFileType = sourcecode.swift; path = TaskPageInteractor.swift; sourceTree = "<group>"; };
		01FCC00A2CE793F600B60AAB /* TaskPageRouter.swift */ = {isa = PBXFileReference; lastKnownFileType = sourcecode.swift; path = TaskPageRouter.swift; sourceTree = "<group>"; };
		01FCC00D2CE7979600B60AAB /* TasksModuleActions.swift */ = {isa = PBXFileReference; lastKnownFileType = sourcecode.swift; path = TasksModuleActions.swift; sourceTree = "<group>"; };
		01FCC00F2CE79F3000B60AAB /* BackButtonView.swift */ = {isa = PBXFileReference; lastKnownFileType = sourcecode.swift; path = BackButtonView.swift; sourceTree = "<group>"; };
		01FCC0152CE7E21F00B60AAB /* PreviewForContextMenuController.swift */ = {isa = PBXFileReference; lastKnownFileType = sourcecode.swift; path = PreviewForContextMenuController.swift; sourceTree = "<group>"; };
		01FCC0182CE8998800B60AAB /* NetworkManager.swift */ = {isa = PBXFileReference; lastKnownFileType = sourcecode.swift; path = NetworkManager.swift; sourceTree = "<group>"; };
		01FCC01B2CE8A5D300B60AAB /* TaskError.swift */ = {isa = PBXFileReference; lastKnownFileType = sourcecode.swift; path = TaskError.swift; sourceTree = "<group>"; };
		01FCC01D2CE8A97300B60AAB /* TaskResponse.swift */ = {isa = PBXFileReference; lastKnownFileType = sourcecode.swift; path = TaskResponse.swift; sourceTree = "<group>"; };
/* End PBXFileReference section */

/* Begin PBXFrameworksBuildPhase section */
		01FAFFEA2CE6671D006DE88F /* Frameworks */ = {
			isa = PBXFrameworksBuildPhase;
			buildActionMask = 2147483647;
			files = (
			);
			runOnlyForDeploymentPostprocessing = 0;
		};
/* End PBXFrameworksBuildPhase section */

/* Begin PBXGroup section */
		01FA000E2CE66725006DE88F /* TaskSheet */ = {
			isa = PBXGroup;
			children = (
				01FA00162CE66764006DE88F /* Application */,
				01FCBFF52CE76D9F00B60AAB /* Entity */,
				01FCC00C2CE7977200B60AAB /* Enum */,
				01FCC01A2CE8A57A00B60AAB /* Error */,
				01FA00302CE66FBA006DE88F /* Extensions */,
				01FA00202CE66B14006DE88F /* Factory */,
				01FA002D2CE66F83006DE88F /* Helper */,
				01FCC0172CE8992E00B60AAB /* Manager */,
				01FA00182CE669DC006DE88F /* Module */,
				01FA00172CE66771006DE88F /* Resources */,
				01FA00372CE67BDE006DE88F /* Shared */,
			);
			path = TaskSheet;
			sourceTree = "<group>";
		};
		01FA00162CE66764006DE88F /* Application */ = {
			isa = PBXGroup;
			children = (
				01FA00052CE66725006DE88F /* AppDelegate.swift */,
				01FA000C2CE66725006DE88F /* SceneDelegate.swift */,
			);
			path = Application;
			sourceTree = "<group>";
		};
		01FA00172CE66771006DE88F /* Resources */ = {
			isa = PBXGroup;
			children = (
				01FA00062CE66725006DE88F /* Assets.xcassets */,
				01FA00072CE66725006DE88F /* Info.plist */,
				01FA00092CE66725006DE88F /* LaunchScreen.storyboard */,
			);
			path = Resources;
			sourceTree = "<group>";
		};
		01FA00182CE669DC006DE88F /* Module */ = {
			isa = PBXGroup;
			children = (
				01FA00192CE66A80006DE88F /* TasksModule */,
				01FCBFFB2CE7936500B60AAB /* TaskPageModule */,
			);
			path = Module;
			sourceTree = "<group>";
		};
		01FA00192CE66A80006DE88F /* TasksModule */ = {
			isa = PBXGroup;
			children = (
				01FA001A2CE66A8D006DE88F /* UI */,
				01FA001D2CE66AC2006DE88F /* Presenter */,
				01FA001E2CE66AD0006DE88F /* Interactor */,
				01FA001F2CE66ADF006DE88F /* Router */,
			);
			path = TasksModule;
			sourceTree = "<group>";
		};
		01FA001A2CE66A8D006DE88F /* UI */ = {
			isa = PBXGroup;
			children = (
				01FA001B2CE66AB1006DE88F /* Controller */,
				01FA001C2CE66AB6006DE88F /* View */,
				01FCBFF22CE7508D00B60AAB /* Cell */,
			);
			path = UI;
			sourceTree = "<group>";
		};
		01FA001B2CE66AB1006DE88F /* Controller */ = {
			isa = PBXGroup;
			children = (
				01FA00232CE66B62006DE88F /* TasksViewController.swift */,
			);
			path = Controller;
			sourceTree = "<group>";
		};
		01FA001C2CE66AB6006DE88F /* View */ = {
			isa = PBXGroup;
			children = (
				01FA00252CE66B9F006DE88F /* TasksView.swift */,
			);
			path = View;
			sourceTree = "<group>";
		};
		01FA001D2CE66AC2006DE88F /* Presenter */ = {
			isa = PBXGroup;
			children = (
				01FA00272CE66C05006DE88F /* TasksPresenter.swift */,
			);
			path = Presenter;
			sourceTree = "<group>";
		};
		01FA001E2CE66AD0006DE88F /* Interactor */ = {
			isa = PBXGroup;
			children = (
				01FA00292CE66CEA006DE88F /* TasksInteractor.swift */,
			);
			path = Interactor;
			sourceTree = "<group>";
		};
		01FA001F2CE66ADF006DE88F /* Router */ = {
			isa = PBXGroup;
			children = (
				01FA002B2CE66D1A006DE88F /* TasksRouter.swift */,
			);
			path = Router;
			sourceTree = "<group>";
		};
		01FA00202CE66B14006DE88F /* Factory */ = {
			isa = PBXGroup;
			children = (
				01FA00212CE66B26006DE88F /* ModuleFactory.swift */,
			);
			path = Factory;
			sourceTree = "<group>";
		};
		01FA002D2CE66F83006DE88F /* Helper */ = {
			isa = PBXGroup;
			children = (
				01FA002E2CE66F97006DE88F /* Colors.swift */,
				01FA00332CE672C7006DE88F /* LabelNames.swift */,
				01FA00352CE67978006DE88F /* Placeholders.swift */,
				01FA003A2CE67D29006DE88F /* SystemSymbols.swift */,
			);
			path = Helper;
			sourceTree = "<group>";
		};
		01FA00302CE66FBA006DE88F /* Extensions */ = {
			isa = PBXGroup;
			children = (
				01FA00312CE66FDA006DE88F /* UIColor+Extension.swift */,
			);
			path = Extensions;
			sourceTree = "<group>";
		};
		01FA00372CE67BDE006DE88F /* Shared */ = {
			isa = PBXGroup;
			children = (
				01FCC0152CE7E21F00B60AAB /* PreviewForContextMenuController.swift */,
				01FA00382CE67BED006DE88F /* SearchField.swift */,
				01FCC00F2CE79F3000B60AAB /* BackButtonView.swift */,
			);
			path = Shared;
			sourceTree = "<group>";
		};
		01FAFFE42CE6671D006DE88F = {
			isa = PBXGroup;
			children = (
				01FA000E2CE66725006DE88F /* TaskSheet */,
				01FAFFEE2CE6671D006DE88F /* Products */,
			);
			sourceTree = "<group>";
		};
		01FAFFEE2CE6671D006DE88F /* Products */ = {
			isa = PBXGroup;
			children = (
				01FAFFED2CE6671D006DE88F /* TaskSheet.app */,
			);
			name = Products;
			sourceTree = "<group>";
		};
		01FCBFF22CE7508D00B60AAB /* Cell */ = {
			isa = PBXGroup;
			children = (
				01FCBFF32CE750D300B60AAB /* TaskTableViewCell.swift */,
			);
			path = Cell;
			sourceTree = "<group>";
		};
		01FCBFF52CE76D9F00B60AAB /* Entity */ = {
			isa = PBXGroup;
			children = (
				01FCBFF62CE76DC400B60AAB /* Task.swift */,
				01FCC01D2CE8A97300B60AAB /* TaskResponse.swift */,
			);
			path = Entity;
			sourceTree = "<group>";
		};
		01FCBFFB2CE7936500B60AAB /* TaskPageModule */ = {
			isa = PBXGroup;
			children = (
				01FCBFFF2CE7938600B60AAB /* UI */,
				01FCBFFE2CE7938200B60AAB /* Presenter */,
				01FCBFFD2CE7937A00B60AAB /* Interactor */,
				01FCBFFC2CE7937600B60AAB /* Router */,
			);
			path = TaskPageModule;
			sourceTree = "<group>";
		};
		01FCBFFC2CE7937600B60AAB /* Router */ = {
			isa = PBXGroup;
			children = (
				01FCC00A2CE793F600B60AAB /* TaskPageRouter.swift */,
			);
			path = Router;
			sourceTree = "<group>";
		};
		01FCBFFD2CE7937A00B60AAB /* Interactor */ = {
			isa = PBXGroup;
			children = (
				01FCC0082CE793E900B60AAB /* TaskPageInteractor.swift */,
			);
			path = Interactor;
			sourceTree = "<group>";
		};
		01FCBFFE2CE7938200B60AAB /* Presenter */ = {
			isa = PBXGroup;
			children = (
				01FCC0062CE793D600B60AAB /* TaskPagePresenter.swift */,
			);
			path = Presenter;
			sourceTree = "<group>";
		};
		01FCBFFF2CE7938600B60AAB /* UI */ = {
			isa = PBXGroup;
			children = (
				01FCC0012CE7939100B60AAB /* Controller */,
				01FCC0002CE7938A00B60AAB /* View */,
			);
			path = UI;
			sourceTree = "<group>";
		};
		01FCC0002CE7938A00B60AAB /* View */ = {
			isa = PBXGroup;
			children = (
				01FCC0042CE793CA00B60AAB /* TaskPageView.swift */,
			);
			path = View;
			sourceTree = "<group>";
		};
		01FCC0012CE7939100B60AAB /* Controller */ = {
			isa = PBXGroup;
			children = (
				01FCC0022CE793AA00B60AAB /* TaskPageViewController.swift */,
			);
			path = Controller;
			sourceTree = "<group>";
		};
		01FCC00C2CE7977200B60AAB /* Enum */ = {
			isa = PBXGroup;
			children = (
				01FCC00D2CE7979600B60AAB /* TasksModuleActions.swift */,
			);
			path = Enum;
			sourceTree = "<group>";
		};
		01FCC0172CE8992E00B60AAB /* Manager */ = {
			isa = PBXGroup;
			children = (
				01FCC0182CE8998800B60AAB /* NetworkManager.swift */,
			);
			path = Manager;
			sourceTree = "<group>";
		};
		01FCC01A2CE8A57A00B60AAB /* Error */ = {
			isa = PBXGroup;
			children = (
				01FCC01B2CE8A5D300B60AAB /* TaskError.swift */,
			);
			path = Error;
			sourceTree = "<group>";
		};
/* End PBXGroup section */

/* Begin PBXNativeTarget section */
		01FAFFEC2CE6671D006DE88F /* TaskSheet */ = {
			isa = PBXNativeTarget;
			buildConfigurationList = 01FA00002CE6671F006DE88F /* Build configuration list for PBXNativeTarget "TaskSheet" */;
			buildPhases = (
				01FAFFE92CE6671D006DE88F /* Sources */,
				01FAFFEA2CE6671D006DE88F /* Frameworks */,
				01FAFFEB2CE6671D006DE88F /* Resources */,
			);
			buildRules = (
			);
			dependencies = (
			);
			name = TaskSheet;
			packageProductDependencies = (
			);
			productName = TaskSheet;
			productReference = 01FAFFED2CE6671D006DE88F /* TaskSheet.app */;
			productType = "com.apple.product-type.application";
		};
/* End PBXNativeTarget section */

/* Begin PBXProject section */
		01FAFFE52CE6671D006DE88F /* Project object */ = {
			isa = PBXProject;
			attributes = {
				BuildIndependentTargetsInParallel = 1;
				LastSwiftUpdateCheck = 1610;
				LastUpgradeCheck = 1610;
				TargetAttributes = {
					01FAFFEC2CE6671D006DE88F = {
						CreatedOnToolsVersion = 16.1;
					};
				};
			};
			buildConfigurationList = 01FAFFE82CE6671D006DE88F /* Build configuration list for PBXProject "TaskSheet" */;
			developmentRegion = en;
			hasScannedForEncodings = 0;
			knownRegions = (
				en,
				Base,
			);
			mainGroup = 01FAFFE42CE6671D006DE88F;
			minimizedProjectReferenceProxies = 1;
			preferredProjectObjectVersion = 77;
			productRefGroup = 01FAFFEE2CE6671D006DE88F /* Products */;
			projectDirPath = "";
			projectRoot = "";
			targets = (
				01FAFFEC2CE6671D006DE88F /* TaskSheet */,
			);
		};
/* End PBXProject section */

/* Begin PBXResourcesBuildPhase section */
		01FAFFEB2CE6671D006DE88F /* Resources */ = {
			isa = PBXResourcesBuildPhase;
			buildActionMask = 2147483647;
			files = (
				01FA00122CE66725006DE88F /* Assets.xcassets in Resources */,
				01FA00142CE66725006DE88F /* LaunchScreen.storyboard in Resources */,
			);
			runOnlyForDeploymentPostprocessing = 0;
		};
/* End PBXResourcesBuildPhase section */

/* Begin PBXSourcesBuildPhase section */
		01FAFFE92CE6671D006DE88F /* Sources */ = {
			isa = PBXSourcesBuildPhase;
			buildActionMask = 2147483647;
			files = (
				01FCC0162CE7E21F00B60AAB /* PreviewForContextMenuController.swift in Sources */,
				01FA000F2CE66725006DE88F /* AppDelegate.swift in Sources */,
				01FA002F2CE66F97006DE88F /* Colors.swift in Sources */,
				01FCBFF42CE750D300B60AAB /* TaskTableViewCell.swift in Sources */,
				01FA00242CE66B62006DE88F /* TasksViewController.swift in Sources */,
				01FA00222CE66B26006DE88F /* ModuleFactory.swift in Sources */,
				01FA002C2CE66D1A006DE88F /* TasksRouter.swift in Sources */,
				01FCC00E2CE7979600B60AAB /* TasksModuleActions.swift in Sources */,
				01FA002A2CE66CEA006DE88F /* TasksInteractor.swift in Sources */,
				01FA00282CE66C05006DE88F /* TasksPresenter.swift in Sources */,
				01FCC0092CE793E900B60AAB /* TaskPageInteractor.swift in Sources */,
				01FCBFF72CE76DC400B60AAB /* Task.swift in Sources */,
				01FA00102CE66725006DE88F /* SceneDelegate.swift in Sources */,
				01FCC0052CE793CA00B60AAB /* TaskPageView.swift in Sources */,
				01FA003B2CE67D29006DE88F /* SystemSymbols.swift in Sources */,
				01FCC01C2CE8A5D300B60AAB /* TaskError.swift in Sources */,
				01FCC00B2CE793F600B60AAB /* TaskPageRouter.swift in Sources */,
				01FCC0102CE79F3000B60AAB /* BackButtonView.swift in Sources */,
				01FCC01E2CE8A97300B60AAB /* TaskResponse.swift in Sources */,
				01FCC0032CE793AA00B60AAB /* TaskPageViewController.swift in Sources */,
				01FCC0072CE793D600B60AAB /* TaskPagePresenter.swift in Sources */,
				01FA00342CE672C7006DE88F /* LabelNames.swift in Sources */,
				01FA00262CE66B9F006DE88F /* TasksView.swift in Sources */,
				01FA00392CE67BED006DE88F /* SearchField.swift in Sources */,
				01FCC0192CE8998800B60AAB /* NetworkManager.swift in Sources */,
				01FA00322CE66FDA006DE88F /* UIColor+Extension.swift in Sources */,
				01FA00362CE67978006DE88F /* Placeholders.swift in Sources */,
			);
			runOnlyForDeploymentPostprocessing = 0;
		};
/* End PBXSourcesBuildPhase section */

/* Begin PBXVariantGroup section */
		01FA00092CE66725006DE88F /* LaunchScreen.storyboard */ = {
			isa = PBXVariantGroup;
			children = (
				01FA00082CE66725006DE88F /* Base */,
			);
			name = LaunchScreen.storyboard;
			sourceTree = "<group>";
		};
/* End PBXVariantGroup section */

/* Begin XCBuildConfiguration section */
		01FA00012CE6671F006DE88F /* Debug */ = {
			isa = XCBuildConfiguration;
			buildSettings = {
				ASSETCATALOG_COMPILER_APPICON_NAME = AppIcon;
				ASSETCATALOG_COMPILER_GLOBAL_ACCENT_COLOR_NAME = AccentColor;
				CODE_SIGN_STYLE = Automatic;
				CURRENT_PROJECT_VERSION = 1;
				DEVELOPMENT_TEAM = 57V9Y33D2J;
				GENERATE_INFOPLIST_FILE = YES;
				INFOPLIST_FILE = TaskSheet/Resources/Info.plist;
				INFOPLIST_KEY_UIApplicationSupportsIndirectInputEvents = YES;
				INFOPLIST_KEY_UILaunchStoryboardName = LaunchScreen;
				INFOPLIST_KEY_UISupportedInterfaceOrientations_iPad = "UIInterfaceOrientationPortrait UIInterfaceOrientationPortraitUpsideDown UIInterfaceOrientationLandscapeLeft UIInterfaceOrientationLandscapeRight";
				INFOPLIST_KEY_UISupportedInterfaceOrientations_iPhone = "UIInterfaceOrientationPortrait UIInterfaceOrientationLandscapeLeft UIInterfaceOrientationLandscapeRight";
				LD_RUNPATH_SEARCH_PATHS = (
					"$(inherited)",
					"@executable_path/Frameworks",
				);
				MARKETING_VERSION = 1.0;
				PRODUCT_BUNDLE_IDENTIFIER = VladKrupen.by.TaskSheed;
				PRODUCT_NAME = "$(TARGET_NAME)";
				SWIFT_EMIT_LOC_STRINGS = YES;
				SWIFT_VERSION = 5.0;
				TARGETED_DEVICE_FAMILY = "1,2";
			};
			name = Debug;
		};
		01FA00022CE6671F006DE88F /* Release */ = {
			isa = XCBuildConfiguration;
			buildSettings = {
				ASSETCATALOG_COMPILER_APPICON_NAME = AppIcon;
				ASSETCATALOG_COMPILER_GLOBAL_ACCENT_COLOR_NAME = AccentColor;
				CODE_SIGN_STYLE = Automatic;
				CURRENT_PROJECT_VERSION = 1;
				DEVELOPMENT_TEAM = 57V9Y33D2J;
				GENERATE_INFOPLIST_FILE = YES;
				INFOPLIST_FILE = TaskSheet/Resources/Info.plist;
				INFOPLIST_KEY_UIApplicationSupportsIndirectInputEvents = YES;
				INFOPLIST_KEY_UILaunchStoryboardName = LaunchScreen;
				INFOPLIST_KEY_UISupportedInterfaceOrientations_iPad = "UIInterfaceOrientationPortrait UIInterfaceOrientationPortraitUpsideDown UIInterfaceOrientationLandscapeLeft UIInterfaceOrientationLandscapeRight";
				INFOPLIST_KEY_UISupportedInterfaceOrientations_iPhone = "UIInterfaceOrientationPortrait UIInterfaceOrientationLandscapeLeft UIInterfaceOrientationLandscapeRight";
				LD_RUNPATH_SEARCH_PATHS = (
					"$(inherited)",
					"@executable_path/Frameworks",
				);
				MARKETING_VERSION = 1.0;
				PRODUCT_BUNDLE_IDENTIFIER = VladKrupen.by.TaskSheed;
				PRODUCT_NAME = "$(TARGET_NAME)";
				SWIFT_EMIT_LOC_STRINGS = YES;
				SWIFT_VERSION = 5.0;
				TARGETED_DEVICE_FAMILY = "1,2";
			};
			name = Release;
		};
		01FA00032CE6671F006DE88F /* Debug */ = {
			isa = XCBuildConfiguration;
			buildSettings = {
				ALWAYS_SEARCH_USER_PATHS = NO;
				ASSETCATALOG_COMPILER_GENERATE_SWIFT_ASSET_SYMBOL_EXTENSIONS = YES;
				CLANG_ANALYZER_NONNULL = YES;
				CLANG_ANALYZER_NUMBER_OBJECT_CONVERSION = YES_AGGRESSIVE;
				CLANG_CXX_LANGUAGE_STANDARD = "gnu++20";
				CLANG_ENABLE_MODULES = YES;
				CLANG_ENABLE_OBJC_ARC = YES;
				CLANG_ENABLE_OBJC_WEAK = YES;
				CLANG_WARN_BLOCK_CAPTURE_AUTORELEASING = YES;
				CLANG_WARN_BOOL_CONVERSION = YES;
				CLANG_WARN_COMMA = YES;
				CLANG_WARN_CONSTANT_CONVERSION = YES;
				CLANG_WARN_DEPRECATED_OBJC_IMPLEMENTATIONS = YES;
				CLANG_WARN_DIRECT_OBJC_ISA_USAGE = YES_ERROR;
				CLANG_WARN_DOCUMENTATION_COMMENTS = YES;
				CLANG_WARN_EMPTY_BODY = YES;
				CLANG_WARN_ENUM_CONVERSION = YES;
				CLANG_WARN_INFINITE_RECURSION = YES;
				CLANG_WARN_INT_CONVERSION = YES;
				CLANG_WARN_NON_LITERAL_NULL_CONVERSION = YES;
				CLANG_WARN_OBJC_IMPLICIT_RETAIN_SELF = YES;
				CLANG_WARN_OBJC_LITERAL_CONVERSION = YES;
				CLANG_WARN_OBJC_ROOT_CLASS = YES_ERROR;
				CLANG_WARN_QUOTED_INCLUDE_IN_FRAMEWORK_HEADER = YES;
				CLANG_WARN_RANGE_LOOP_ANALYSIS = YES;
				CLANG_WARN_STRICT_PROTOTYPES = YES;
				CLANG_WARN_SUSPICIOUS_MOVE = YES;
				CLANG_WARN_UNGUARDED_AVAILABILITY = YES_AGGRESSIVE;
				CLANG_WARN_UNREACHABLE_CODE = YES;
				CLANG_WARN__DUPLICATE_METHOD_MATCH = YES;
				COPY_PHASE_STRIP = NO;
				DEBUG_INFORMATION_FORMAT = dwarf;
				ENABLE_STRICT_OBJC_MSGSEND = YES;
				ENABLE_TESTABILITY = YES;
				ENABLE_USER_SCRIPT_SANDBOXING = YES;
				GCC_C_LANGUAGE_STANDARD = gnu17;
				GCC_DYNAMIC_NO_PIC = NO;
				GCC_NO_COMMON_BLOCKS = YES;
				GCC_OPTIMIZATION_LEVEL = 0;
				GCC_PREPROCESSOR_DEFINITIONS = (
					"DEBUG=1",
					"$(inherited)",
				);
				GCC_WARN_64_TO_32_BIT_CONVERSION = YES;
				GCC_WARN_ABOUT_RETURN_TYPE = YES_ERROR;
				GCC_WARN_UNDECLARED_SELECTOR = YES;
				GCC_WARN_UNINITIALIZED_AUTOS = YES_AGGRESSIVE;
				GCC_WARN_UNUSED_FUNCTION = YES;
				GCC_WARN_UNUSED_VARIABLE = YES;
				IPHONEOS_DEPLOYMENT_TARGET = 18.1;
				LOCALIZATION_PREFERS_STRING_CATALOGS = YES;
				MTL_ENABLE_DEBUG_INFO = INCLUDE_SOURCE;
				MTL_FAST_MATH = YES;
				ONLY_ACTIVE_ARCH = YES;
				SDKROOT = iphoneos;
				SWIFT_ACTIVE_COMPILATION_CONDITIONS = "DEBUG $(inherited)";
				SWIFT_OPTIMIZATION_LEVEL = "-Onone";
			};
			name = Debug;
		};
		01FA00042CE6671F006DE88F /* Release */ = {
			isa = XCBuildConfiguration;
			buildSettings = {
				ALWAYS_SEARCH_USER_PATHS = NO;
				ASSETCATALOG_COMPILER_GENERATE_SWIFT_ASSET_SYMBOL_EXTENSIONS = YES;
				CLANG_ANALYZER_NONNULL = YES;
				CLANG_ANALYZER_NUMBER_OBJECT_CONVERSION = YES_AGGRESSIVE;
				CLANG_CXX_LANGUAGE_STANDARD = "gnu++20";
				CLANG_ENABLE_MODULES = YES;
				CLANG_ENABLE_OBJC_ARC = YES;
				CLANG_ENABLE_OBJC_WEAK = YES;
				CLANG_WARN_BLOCK_CAPTURE_AUTORELEASING = YES;
				CLANG_WARN_BOOL_CONVERSION = YES;
				CLANG_WARN_COMMA = YES;
				CLANG_WARN_CONSTANT_CONVERSION = YES;
				CLANG_WARN_DEPRECATED_OBJC_IMPLEMENTATIONS = YES;
				CLANG_WARN_DIRECT_OBJC_ISA_USAGE = YES_ERROR;
				CLANG_WARN_DOCUMENTATION_COMMENTS = YES;
				CLANG_WARN_EMPTY_BODY = YES;
				CLANG_WARN_ENUM_CONVERSION = YES;
				CLANG_WARN_INFINITE_RECURSION = YES;
				CLANG_WARN_INT_CONVERSION = YES;
				CLANG_WARN_NON_LITERAL_NULL_CONVERSION = YES;
				CLANG_WARN_OBJC_IMPLICIT_RETAIN_SELF = YES;
				CLANG_WARN_OBJC_LITERAL_CONVERSION = YES;
				CLANG_WARN_OBJC_ROOT_CLASS = YES_ERROR;
				CLANG_WARN_QUOTED_INCLUDE_IN_FRAMEWORK_HEADER = YES;
				CLANG_WARN_RANGE_LOOP_ANALYSIS = YES;
				CLANG_WARN_STRICT_PROTOTYPES = YES;
				CLANG_WARN_SUSPICIOUS_MOVE = YES;
				CLANG_WARN_UNGUARDED_AVAILABILITY = YES_AGGRESSIVE;
				CLANG_WARN_UNREACHABLE_CODE = YES;
				CLANG_WARN__DUPLICATE_METHOD_MATCH = YES;
				COPY_PHASE_STRIP = NO;
				DEBUG_INFORMATION_FORMAT = "dwarf-with-dsym";
				ENABLE_NS_ASSERTIONS = NO;
				ENABLE_STRICT_OBJC_MSGSEND = YES;
				ENABLE_USER_SCRIPT_SANDBOXING = YES;
				GCC_C_LANGUAGE_STANDARD = gnu17;
				GCC_NO_COMMON_BLOCKS = YES;
				GCC_WARN_64_TO_32_BIT_CONVERSION = YES;
				GCC_WARN_ABOUT_RETURN_TYPE = YES_ERROR;
				GCC_WARN_UNDECLARED_SELECTOR = YES;
				GCC_WARN_UNINITIALIZED_AUTOS = YES_AGGRESSIVE;
				GCC_WARN_UNUSED_FUNCTION = YES;
				GCC_WARN_UNUSED_VARIABLE = YES;
				IPHONEOS_DEPLOYMENT_TARGET = 18.1;
				LOCALIZATION_PREFERS_STRING_CATALOGS = YES;
				MTL_ENABLE_DEBUG_INFO = NO;
				MTL_FAST_MATH = YES;
				SDKROOT = iphoneos;
				SWIFT_COMPILATION_MODE = wholemodule;
				VALIDATE_PRODUCT = YES;
			};
			name = Release;
		};
/* End XCBuildConfiguration section */

/* Begin XCConfigurationList section */
		01FA00002CE6671F006DE88F /* Build configuration list for PBXNativeTarget "TaskSheet" */ = {
			isa = XCConfigurationList;
			buildConfigurations = (
				01FA00012CE6671F006DE88F /* Debug */,
				01FA00022CE6671F006DE88F /* Release */,
			);
			defaultConfigurationIsVisible = 0;
			defaultConfigurationName = Release;
		};
		01FAFFE82CE6671D006DE88F /* Build configuration list for PBXProject "TaskSheet" */ = {
			isa = XCConfigurationList;
			buildConfigurations = (
				01FA00032CE6671F006DE88F /* Debug */,
				01FA00042CE6671F006DE88F /* Release */,
			);
			defaultConfigurationIsVisible = 0;
			defaultConfigurationName = Release;
		};
/* End XCConfigurationList section */
	};
	rootObject = 01FAFFE52CE6671D006DE88F /* Project object */;
}
